
Microsoft Visual Studio Solution File, Format Version 12.00
# Visual Studio Version 18
VisualStudioVersion = 18.2.11415.280
MinimumVisualStudioVersion = 10.0.40219.1
Project("{2150E333-8FDC-42A3-9474-1A3956D46DE8}") = "lms.web", "lms.web", "{6DF035C6-577E-4826-B67A-DAA3DDC61E0C}"
EndProject
Project("{2150E333-8FDC-42A3-9474-1A3956D46DE8}") = "lms.services", "lms.services", "{EC892162-8CBB-455A-A027-FD54B28C2687}"
EndProject
Project("{2150E333-8FDC-42A3-9474-1A3956D46DE8}") = "lms.buildingblocks", "lms.buildingblocks", "{1A6687B4-407E-41D1-B2D6-B5E886B9895E}"
EndProject
Project("{2150E333-8FDC-42A3-9474-1A3956D46DE8}") = "lms.shared", "lms.shared", "{489B5FA2-0879-43CD-834B-CF1EEC683E31}"
EndProject
Project("{9A19103F-16F7-4668-BE54-9A1E7A4F7556}") = "lms.buildingblocks", "lms.buildingblocks\lms.buildingblocks.csproj", "{66AAA668-5A6A-47BB-B285-14486FA0E363}"
EndProject
Project("{9A19103F-16F7-4668-BE54-9A1E7A4F7556}") = "lms.shared.common", "lms.shared.common\lms.shared.common.csproj", "{7497C2EB-A97C-4986-B584-2E26BA775E7B}"
EndProject
Project("{9A19103F-16F7-4668-BE54-9A1E7A4F7556}") = "lms.shared.data", "lms.shared.data\lms.shared.data.csproj", "{3DFC8B9E-99EB-49A6-A0F8-068F7383DA3F}"
EndProject
Project("{9A19103F-16F7-4668-BE54-9A1E7A4F7556}") = "lms.services.usermanagement", "lms.services\lms.services.usermanagement\lms.services.usermanagement.csproj", "{331C1B3B-CAEC-46EA-B8B6-45A83C52217C}"
EndProject
Project("{9A19103F-16F7-4668-BE54-9A1E7A4F7556}") = "lms.services.coursemanagement", "lms.services\lms.services.coursemanagement\lms.services.coursemanagement.csproj", "{8DD07D5F-591D-41F8-911B-C3C9E678387C}"
EndProject
Project("{9A19103F-16F7-4668-BE54-9A1E7A4F7556}") = "lms.services.aws", "lms.services.aws\lms.services.aws.csproj", "{6053BF31-4334-4066-80F5-E2F965B24EA6}"
EndProject
Project("{9A19103F-16F7-4668-BE54-9A1E7A4F7556}") = "Discount.gRPC", "lms.services\lms.services.discount.gRPC\Discount.gRPC\Discount.gRPC.csproj", "{E4887354-B84F-4FBE-A8F1-FDA8F6FE78C2}"
EndProject
Project("{FAE04EC0-301F-11D3-BF4B-00C04F79EFBC}") = "lms.web", "lms.web\lms.web.csproj", "{CC187B79-2D51-4217-86DD-0B29936161E9}"
EndProject
Project("{FAE04EC0-301F-11D3-BF4B-00C04F79EFBC}") = "lms.services.instructor", "lms.services.instructor\lms.services.instructor.csproj", "{E5F9608E-11A0-4FEF-B2F8-D6FF07D606F5}"
EndProject
Project("{2150E333-8FDC-42A3-9474-1A3956D46DE8}") = "aspire", "aspire", "{F1A4B2E8-9A5C-4D7E-8F3A-2B1C5D9E7A3F}"
EndProject
Project("{FAE04EC0-301F-11D3-BF4B-00C04F79EFBC}") = "ServiceDefaults", "..\aspire\ServiceDefaults\ServiceDefaults.csproj", "{A1B2C3D4-E5F6-4A7B-8C9D-E0F1A2B3C4D5}"
EndProject
Project("{FAE04EC0-301F-11D3-BF4B-00C04F79EFBC}") = "AppHost", "..\AppHost\AppHost.csproj", "{B2C3D4E5-F6A7-4B8C-9D0E-F1A2B3C4D5E6}"
EndProject
Global
	GlobalSection(SolutionConfigurationPlatforms) = preSolution
		Debug|Any CPU = Debug|Any CPU
		Release|Any CPU = Release|Any CPU
	EndGlobalSection
	GlobalSection(ProjectConfigurationPlatforms) = postSolution
		{66AAA668-5A6A-47BB-B285-14486FA0E363}.Debug|Any CPU.ActiveCfg = Debug|Any CPU
		{66AAA668-5A6A-47BB-B285-14486FA0E363}.Debug|Any CPU.Build.0 = Debug|Any CPU
		{66AAA668-5A6A-47BB-B285-14486FA0E363}.Release|Any CPU.ActiveCfg = Release|Any CPU
		{66AAA668-5A6A-47BB-B285-14486FA0E363}.Release|Any CPU.Build.0 = Release|Any CPU
		{7497C2EB-A97C-4986-B584-2E26BA775E7B}.Debug|Any CPU.ActiveCfg = Debug|Any CPU
		{7497C2EB-A97C-4986-B584-2E26BA775E7B}.Debug|Any CPU.Build.0 = Debug|Any CPU
		{7497C2EB-A97C-4986-B584-2E26BA775E7B}.Release|Any CPU.ActiveCfg = Release|Any CPU
		{7497C2EB-A97C-4986-B584-2E26BA775E7B}.Release|Any CPU.Build.0 = Release|Any CPU
		{3DFC8B9E-99EB-49A6-A0F8-068F7383DA3F}.Debug|Any CPU.ActiveCfg = Debug|Any CPU
		{3DFC8B9E-99EB-49A6-A0F8-068F7383DA3F}.Debug|Any CPU.Build.0 = Debug|Any CPU
		{3DFC8B9E-99EB-49A6-A0F8-068F7383DA3F}.Release|Any CPU.ActiveCfg = Release|Any CPU
		{3DFC8B9E-99EB-49A6-A0F8-068F7383DA3F}.Release|Any CPU.Build.0 = Release|Any CPU
		{331C1B3B-CAEC-46EA-B8B6-45A83C52217C}.Debug|Any CPU.ActiveCfg = Debug|Any CPU
		{331C1B3B-CAEC-46EA-B8B6-45A83C52217C}.Debug|Any CPU.Build.0 = Debug|Any CPU
		{331C1B3B-CAEC-46EA-B8B6-45A83C52217C}.Release|Any CPU.ActiveCfg = Release|Any CPU
		{331C1B3B-CAEC-46EA-B8B6-45A83C52217C}.Release|Any CPU.Build.0 = Release|Any CPU
		{8DD07D5F-591D-41F8-911B-C3C9E678387C}.Debug|Any CPU.ActiveCfg = Debug|Any CPU
		{8DD07D5F-591D-41F8-911B-C3C9E678387C}.Debug|Any CPU.Build.0 = Debug|Any CPU
		{8DD07D5F-591D-41F8-911B-C3C9E678387C}.Release|Any CPU.ActiveCfg = Release|Any CPU
		{8DD07D5F-591D-41F8-911B-C3C9E678387C}.Release|Any CPU.Build.0 = Release|Any CPU
		{6053BF31-4334-4066-80F5-E2F965B24EA6}.Debug|Any CPU.ActiveCfg = Debug|Any CPU
		{6053BF31-4334-4066-80F5-E2F965B24EA6}.Debug|Any CPU.Build.0 = Debug|Any CPU
		{6053BF31-4334-4066-80F5-E2F965B24EA6}.Release|Any CPU.ActiveCfg = Release|Any CPU
		{6053BF31-4334-4066-80F5-E2F965B24EA6}.Release|Any CPU.Build.0 = Release|Any CPU
		{E4887354-B84F-4FBE-A8F1-FDA8F6FE78C2}.Debug|Any CPU.ActiveCfg = Debug|Any CPU
		{E4887354-B84F-4FBE-A8F1-FDA8F6FE78C2}.Debug|Any CPU.Build.0 = Debug|Any CPU
		{E4887354-B84F-4FBE-A8F1-FDA8F6FE78C2}.Release|Any CPU.ActiveCfg = Release|Any CPU
		{E4887354-B84F-4FBE-A8F1-FDA8F6FE78C2}.Release|Any CPU.Build.0 = Release|Any CPU
		{CC187B79-2D51-4217-86DD-0B29936161E9}.Debug|Any CPU.ActiveCfg = Debug|Any CPU
		{CC187B79-2D51-4217-86DD-0B29936161E9}.Debug|Any CPU.Build.0 = Debug|Any CPU
		{CC187B79-2D51-4217-86DD-0B29936161E9}.Release|Any CPU.ActiveCfg = Release|Any CPU
		{CC187B79-2D51-4217-86DD-0B29936161E9}.Release|Any CPU.Build.0 = Release|Any CPU
		{E5F9608E-11A0-4FEF-B2F8-D6FF07D606F5}.Debug|Any CPU.ActiveCfg = Debug|Any CPU
		{E5F9608E-11A0-4FEF-B2F8-D6FF07D606F5}.Debug|Any CPU.Build.0 = Debug|Any CPU
		{E5F9608E-11A0-4FEF-B2F8-D6FF07D606F5}.Release|Any CPU.ActiveCfg = Release|Any CPU
		{E5F9608E-11A0-4FEF-B2F8-D6FF07D606F5}.Release|Any CPU.Build.0 = Release|Any CPU
		{A1B2C3D4-E5F6-4A7B-8C9D-E0F1A2B3C4D5}.Debug|Any CPU.ActiveCfg = Debug|Any CPU
		{A1B2C3D4-E5F6-4A7B-8C9D-E0F1A2B3C4D5}.Debug|Any CPU.Build.0 = Debug|Any CPU
		{A1B2C3D4-E5F6-4A7B-8C9D-E0F1A2B3C4D5}.Release|Any CPU.ActiveCfg = Release|Any CPU
		{A1B2C3D4-E5F6-4A7B-8C9D-E0F1A2B3C4D5}.Release|Any CPU.Build.0 = Release|Any CPU
		{B2C3D4E5-F6A7-4B8C-9D0E-F1A2B3C4D5E6}.Debug|Any CPU.ActiveCfg = Debug|Any CPU
		{B2C3D4E5-F6A7-4B8C-9D0E-F1A2B3C4D5E6}.Debug|Any CPU.Build.0 = Debug|Any CPU
		{B2C3D4E5-F6A7-4B8C-9D0E-F1A2B3C4D5E6}.Release|Any CPU.ActiveCfg = Release|Any CPU
		{B2C3D4E5-F6A7-4B8C-9D0E-F1A2B3C4D5E6}.Release|Any CPU.Build.0 = Release|Any CPU
	EndGlobalSection
	GlobalSection(SolutionProperties) = preSolution
		HideSolutionNode = FALSE
	EndGlobalSection
	GlobalSection(NestedProjects) = preSolution
		{66AAA668-5A6A-47BB-B285-14486FA0E363} = {1A6687B4-407E-41D1-B2D6-B5E886B9895E}
		{7497C2EB-A97C-4986-B584-2E26BA775E7B} = {489B5FA2-0879-43CD-834B-CF1EEC683E31}
		{3DFC8B9E-99EB-49A6-A0F8-068F7383DA3F} = {489B5FA2-0879-43CD-834B-CF1EEC683E31}
		{331C1B3B-CAEC-46EA-B8B6-45A83C52217C} = {EC892162-8CBB-455A-A027-FD54B28C2687}
		{8DD07D5F-591D-41F8-911B-C3C9E678387C} = {EC892162-8CBB-455A-A027-FD54B28C2687}
		{6053BF31-4334-4066-80F5-E2F965B24EA6} = {EC892162-8CBB-455A-A027-FD54B28C2687}
		{E4887354-B84F-4FBE-A8F1-FDA8F6FE78C2} = {EC892162-8CBB-455A-A027-FD54B28C2687}
		{CC187B79-2D51-4217-86DD-0B29936161E9} = {6DF035C6-577E-4826-B67A-DAA3DDC61E0C}
		{E5F9608E-11A0-4FEF-B2F8-D6FF07D606F5} = {EC892162-8CBB-455A-A027-FD54B28C2687}
		{A1B2C3D4-E5F6-4A7B-8C9D-E0F1A2B3C4D5} = {F1A4B2E8-9A5C-4D7E-8F3A-2B1C5D9E7A3F}
		{B2C3D4E5-F6A7-4B8C-9D0E-F1A2B3C4D5E6} = {F1A4B2E8-9A5C-4D7E-8F3A-2B1C5D9E7A3F}
	EndGlobalSection
	GlobalSection(ExtensibilityGlobals) = postSolution
		SolutionGuid = {DBF60729-866C-4ED0-BD65-604A36C1D4FB}
	EndGlobalSection
EndGlobal
